
Microsoft Visual Studio Solution File, Format Version 12.00
# Visual Studio Version 16
VisualStudioVersion = 16.0.30128.74
MinimumVisualStudioVersion = 10.0.40219.1
Project("{FAE04EC0-301F-11D3-BF4B-00C04F79EFBC}") = "ClothingStoreFranchise.NetCore.Common", "ClothingStoreFranchise.NetCore.Common\ClothingStoreFranchise.NetCore.Common.csproj", "{9EEB6B2E-65EE-4DA2-9760-97478A502F55}"
EndProject
Global
	GlobalSection(SolutionConfigurationPlatforms) = preSolution
		Debug|Any CPU = Debug|Any CPU
		Release|Any CPU = Release|Any CPU
	EndGlobalSection
	GlobalSection(ProjectConfigurationPlatforms) = postSolution
		{9EEB6B2E-65EE-4DA2-9760-97478A502F55}.Debug|Any CPU.ActiveCfg = Debug|Any CPU
		{9EEB6B2E-65EE-4DA2-9760-97478A502F55}.Debug|Any CPU.Build.0 = Debug|Any CPU
		{9EEB6B2E-65EE-4DA2-9760-97478A502F55}.Release|Any CPU.ActiveCfg = Release|Any CPU
		{9EEB6B2E-65EE-4DA2-9760-97478A502F55}.Release|Any CPU.Build.0 = Release|Any CPU
	EndGlobalSection
	GlobalSection(SolutionProperties) = preSolution
		HideSolutionNode = FALSE
	EndGlobalSection
	GlobalSection(ExtensibilityGlobals) = postSolution
		SolutionGuid = {86F7BA80-7CB4-4676-AEC8-A6A120156C38}
	EndGlobalSection
EndGlobal
